
Microsoft Visual Studio Solution File, Format Version 12.00
# Visual Studio Version 16
VisualStudioVersion = 16.0.31112.23
MinimumVisualStudioVersion = 10.0.40219.1
Project("{FAE04EC0-301F-11D3-BF4B-00C04F79EFBC}") = "Poke", "Poke\Poke.csproj", "{1EC9F3F4-C8C7-4EF7-B1B8-0F9A8C3278D6}"
EndProject
Project("{FAE04EC0-301F-11D3-BF4B-00C04F79EFBC}") = "Poke.Tests", "Poke.Tests\Poke.Tests.csproj", "{6A17D7AA-CC95-40C2-ADF1-E08DC50F66BF}"
EndProject
Global
	GlobalSection(SolutionConfigurationPlatforms) = preSolution
		Debug|Any CPU = Debug|Any CPU
		Release|Any CPU = Release|Any CPU
	EndGlobalSection
	GlobalSection(ProjectConfigurationPlatforms) = postSolution
		{1EC9F3F4-C8C7-4EF7-B1B8-0F9A8C3278D6}.Debug|Any CPU.ActiveCfg = Debug|Any CPU
		{1EC9F3F4-C8C7-4EF7-B1B8-0F9A8C3278D6}.Debug|Any CPU.Build.0 = Debug|Any CPU
		{1EC9F3F4-C8C7-4EF7-B1B8-0F9A8C3278D6}.Release|Any CPU.ActiveCfg = Release|Any CPU
		{1EC9F3F4-C8C7-4EF7-B1B8-0F9A8C3278D6}.Release|Any CPU.Build.0 = Release|Any CPU
		{6A17D7AA-CC95-40C2-ADF1-E08DC50F66BF}.Debug|Any CPU.ActiveCfg = Debug|Any CPU
		{6A17D7AA-CC95-40C2-ADF1-E08DC50F66BF}.Debug|Any CPU.Build.0 = Debug|Any CPU
		{6A17D7AA-CC95-40C2-ADF1-E08DC50F66BF}.Release|Any CPU.ActiveCfg = Release|Any CPU
		{6A17D7AA-CC95-40C2-ADF1-E08DC50F66BF}.Release|Any CPU.Build.0 = Release|Any CPU
	EndGlobalSection
	GlobalSection(SolutionProperties) = preSolution
		HideSolutionNode = FALSE
	EndGlobalSection
	GlobalSection(ExtensibilityGlobals) = postSolution
		SolutionGuid = {C28E4B8C-B740-4FE3-B447-A116F3387F24}
	EndGlobalSection
EndGlobal
